// !$*UTF8*$!
{
	archiveVersion = 1;
	classes = {
	};
	objectVersion = 50;
	objects = {

/* Begin PBXBuildFile section */
		3A55ADEC25DCDA8200EC1675 /* AppDelegate.swift in Sources */ = {isa = PBXBuildFile; fileRef = 3A55ADEB25DCDA8200EC1675 /* AppDelegate.swift */; };
		3A55ADEE25DCDA8200EC1675 /* SceneDelegate.swift in Sources */ = {isa = PBXBuildFile; fileRef = 3A55ADED25DCDA8200EC1675 /* SceneDelegate.swift */; };
		3A55ADF025DCDA8200EC1675 /* ViewController.swift in Sources */ = {isa = PBXBuildFile; fileRef = 3A55ADEF25DCDA8200EC1675 /* ViewController.swift */; };
		3A55ADF325DCDA8200EC1675 /* Main.storyboard in Resources */ = {isa = PBXBuildFile; fileRef = 3A55ADF125DCDA8200EC1675 /* Main.storyboard */; };
		3A55ADF525DCDA8800EC1675 /* Assets.xcassets in Resources */ = {isa = PBXBuildFile; fileRef = 3A55ADF425DCDA8800EC1675 /* Assets.xcassets */; };
		3A55ADF825DCDA8800EC1675 /* LaunchScreen.storyboard in Resources */ = {isa = PBXBuildFile; fileRef = 3A55ADF625DCDA8800EC1675 /* LaunchScreen.storyboard */; };
/* End PBXBuildFile section */

/* Begin PBXFileReference section */
		3A55ADE825DCDA8200EC1675 /* TapGesture.app */ = {isa = PBXFileReference; explicitFileType = wrapper.application; includeInIndex = 0; path = TapGesture.app; sourceTree = BUILT_PRODUCTS_DIR; };
		3A55ADEB25DCDA8200EC1675 /* AppDelegate.swift */ = {isa = PBXFileReference; lastKnownFileType = sourcecode.swift; path = AppDelegate.swift; sourceTree = "<group>"; };
		3A55ADED25DCDA8200EC1675 /* SceneDelegate.swift */ = {isa = PBXFileReference; lastKnownFileType = sourcecode.swift; path = SceneDelegate.swift; sourceTree = "<group>"; };
		3A55ADEF25DCDA8200EC1675 /* ViewController.swift */ = {isa = PBXFileReference; lastKnownFileType = sourcecode.swift; path = ViewController.swift; sourceTree = "<group>"; };
		3A55ADF225DCDA8200EC1675 /* Base */ = {isa = PBXFileReference; lastKnownFileType = file.storyboard; name = Base; path = Base.lproj/Main.storyboard; sourceTree = "<group>"; };
		3A55ADF425DCDA8800EC1675 /* Assets.xcassets */ = {isa = PBXFileReference; lastKnownFileType = folder.assetcatalog; path = Assets.xcassets; sourceTree = "<group>"; };
		3A55ADF725DCDA8800EC1675 /* Base */ = {isa = PBXFileReference; lastKnownFileType = file.storyboard; name = Base; path = Base.lproj/LaunchScreen.storyboard; sourceTree = "<group>"; };
		3A55ADF925DCDA8800EC1675 /* Info.plist */ = {isa = PBXFileReference; lastKnownFileType = text.plist.xml; path = Info.plist; sourceTree = "<group>"; };
/* End PBXFileReference section */

/* Begin PBXFrameworksBuildPhase section */
		3A55ADE525DCDA8200EC1675 /* Frameworks */ = {
			isa = PBXFrameworksBuildPhase;
			buildActionMask = 2147483647;
			files = (
			);
			runOnlyForDeploymentPostprocessing = 0;
		};
/* End PBXFrameworksBuildPhase section */

/* Begin PBXGroup section */
		3A55ADDF25DCDA8200EC1675 = {
			isa = PBXGroup;
			children = (
				3A55ADEA25DCDA8200EC1675 /* TapGesture */,
				3A55ADE925DCDA8200EC1675 /* Products */,
			);
			sourceTree = "<group>";
		};
		3A55ADE925DCDA8200EC1675 /* Products */ = {
			isa = PBXGroup;
			children = (
				3A55ADE825DCDA8200EC1675 /* TapGesture.app */,
			);
			name = Products;
			sourceTree = "<group>";
		};
		3A55ADEA25DCDA8200EC1675 /* TapGesture */ = {
			isa = PBXGroup;
			children = (
				3A55ADEB25DCDA8200EC1675 /* AppDelegate.swift */,
				3A55ADED25DCDA8200EC1675 /* SceneDelegate.swift */,
				3A55ADEF25DCDA8200EC1675 /* ViewController.swift */,
				3A55ADF125DCDA8200EC1675 /* Main.storyboard */,
				3A55ADF425DCDA8800EC1675 /* Assets.xcassets */,
				3A55ADF625DCDA8800EC1675 /* LaunchScreen.storyboard */,
				3A55ADF925DCDA8800EC1675 /* Info.plist */,
			);
			path = TapGesture;
			sourceTree = "<group>";
		};
/* End PBXGroup section */

/* Begin PBXNativeTarget section */
		3A55ADE725DCDA8200EC1675 /* TapGesture */ = {
			isa = PBXNativeTarget;
			buildConfigurationList = 3A55ADFC25DCDA8800EC1675 /* Build configuration list for PBXNativeTarget "TapGesture" */;
			buildPhases = (
				3A55ADE425DCDA8200EC1675 /* Sources */,
				3A55ADE525DCDA8200EC1675 /* Frameworks */,
				3A55ADE625DCDA8200EC1675 /* Resources */,
			);
			buildRules = (
			);
			dependencies = (
			);
			name = TapGesture;
			productName = TapGesture;
			productReference = 3A55ADE825DCDA8200EC1675 /* TapGesture.app */;
			productType = "com.apple.product-type.application";
		};
/* End PBXNativeTarget section */

/* Begin PBXProject section */
		3A55ADE025DCDA8200EC1675 /* Project object */ = {
			isa = PBXProject;
			attributes = {
				LastSwiftUpdateCheck = 1240;
				LastUpgradeCheck = 1240;
				TargetAttributes = {
					3A55ADE725DCDA8200EC1675 = {
						CreatedOnToolsVersion = 12.4;
					};
				};
			};
			buildConfigurationList = 3A55ADE325DCDA8200EC1675 /* Build configuration list for PBXProject "TapGesture" */;
			compatibilityVersion = "Xcode 9.3";
			developmentRegion = en;
			hasScannedForEncodings = 0;
			knownRegions = (
				en,
				Base,
			);
			mainGroup = 3A55ADDF25DCDA8200EC1675;
			productRefGroup = 3A55ADE925DCDA8200EC1675 /* Products */;
			projectDirPath = "";
			projectRoot = "";
			targets = (
				3A55ADE725DCDA8200EC1675 /* TapGesture */,
			);
		};
/* End PBXProject section */

/* Begin PBXResourcesBuildPhase section */
		3A55ADE625DCDA8200EC1675 /* Resources */ = {
			isa = PBXResourcesBuildPhase;
			buildActionMask = 2147483647;
			files = (
				3A55ADF825DCDA8800EC1675 /* LaunchScreen.storyboard in Resources */,
				3A55ADF525DCDA8800EC1675 /* Assets.xcassets in Resources */,
				3A55ADF325DCDA8200EC1675 /* Main.storyboard in Resources */,
			);
			runOnlyForDeploymentPostprocessing = 0;
		};
/* End PBXResourcesBuildPhase section */

/* Begin PBXSourcesBuildPhase section */
		3A55ADE425DCDA8200EC1675 /* Sources */ = {
			isa = PBXSourcesBuildPhase;
			buildActionMask = 2147483647;
			files = (
				3A55ADF025DCDA8200EC1675 /* ViewController.swift in Sources */,
				3A55ADEC25DCDA8200EC1675 /* AppDelegate.swift in Sources */,
				3A55ADEE25DCDA8200EC1675 /* SceneDelegate.swift in Sources */,
			);
			runOnlyForDeploymentPostprocessing = 0;
		};
/* End PBXSourcesBuildPhase section */

/* Begin PBXVariantGroup section */
		3A55ADF125DCDA8200EC1675 /* Main.storyboard */ = {
			isa = PBXVariantGroup;
			children = (
				3A55ADF225DCDA8200EC1675 /* Base */,
			);
			name = Main.storyboard;
			sourceTree = "<group>";
		};
		3A55ADF625DCDA8800EC1675 /* LaunchScreen.storyboard */ = {
			isa = PBXVariantGroup;
			children = (
				3A55ADF725DCDA8800EC1675 /* Base */,
			);
			name = LaunchScreen.storyboard;
			sourceTree = "<group>";
		};
/* End PBXVariantGroup section */

/* Begin XCBuildConfiguration section */
		3A55ADFA25DCDA8800EC1675 /* Debug */ = {
			isa = XCBuildConfiguration;
			buildSettings = {
				ALWAYS_SEARCH_USER_PATHS = NO;
				CLANG_ANALYZER_NONNULL = YES;
				CLANG_ANALYZER_NUMBER_OBJECT_CONVERSION = YES_AGGRESSIVE;
				CLANG_CXX_LANGUAGE_STANDARD = "gnu++14";
				CLANG_CXX_LIBRARY = "libc++";
				CLANG_ENABLE_MODULES = YES;
				CLANG_ENABLE_OBJC_ARC = YES;
				CLANG_ENABLE_OBJC_WEAK = YES;
				CLANG_WARN_BLOCK_CAPTURE_AUTORELEASING = YES;
				CLANG_WARN_BOOL_CONVERSION = YES;
				CLANG_WARN_COMMA = YES;
				CLANG_WARN_CONSTANT_CONVERSION = YES;
				CLANG_WARN_DEPRECATED_OBJC_IMPLEMENTATIONS = YES;
				CLANG_WARN_DIRECT_OBJC_ISA_USAGE = YES_ERROR;
				CLANG_WARN_DOCUMENTATION_COMMENTS = YES;
				CLANG_WARN_EMPTY_BODY = YES;
				CLANG_WARN_ENUM_CONVERSION = YES;
				CLANG_WARN_INFINITE_RECURSION = YES;
				CLANG_WARN_INT_CONVERSION = YES;
				CLANG_WARN_NON_LITERAL_NULL_CONVERSION = YES;
				CLANG_WARN_OBJC_IMPLICIT_RETAIN_SELF = YES;
				CLANG_WARN_OBJC_LITERAL_CONVERSION = YES;
				CLANG_WARN_OBJC_ROOT_CLASS = YES_ERROR;
				CLANG_WARN_QUOTED_INCLUDE_IN_FRAMEWORK_HEADER = YES;
				CLANG_WARN_RANGE_LOOP_ANALYSIS = YES;
				CLANG_WARN_STRICT_PROTOTYPES = YES;
				CLANG_WARN_SUSPICIOUS_MOVE = YES;
				CLANG_WARN_UNGUARDED_AVAILABILITY = YES_AGGRESSIVE;
				CLANG_WARN_UNREACHABLE_CODE = YES;
				CLANG_WARN__DUPLICATE_METHOD_MATCH = YES;
				COPY_PHASE_STRIP = NO;
				DEBUG_INFORMATION_FORMAT = dwarf;
				ENABLE_STRICT_OBJC_MSGSEND = YES;
				ENABLE_TESTABILITY = YES;
				GCC_C_LANGUAGE_STANDARD = gnu11;
				GCC_DYNAMIC_NO_PIC = NO;
				GCC_NO_COMMON_BLOCKS = YES;
				GCC_OPTIMIZATION_LEVEL = 0;
				GCC_PREPROCESSOR_DEFINITIONS = (
					"DEBUG=1",
					"$(inherited)",
				);
				GCC_WARN_64_TO_32_BIT_CONVERSION = YES;
				GCC_WARN_ABOUT_RETURN_TYPE = YES_ERROR;
				GCC_WARN_UNDECLARED_SELECTOR = YES;
				GCC_WARN_UNINITIALIZED_AUTOS = YES_AGGRESSIVE;
				GCC_WARN_UNUSED_FUNCTION = YES;
				GCC_WARN_UNUSED_VARIABLE = YES;
				IPHONEOS_DEPLOYMENT_TARGET = 14.4;
				MTL_ENABLE_DEBUG_INFO = INCLUDE_SOURCE;
				MTL_FAST_MATH = YES;
				ONLY_ACTIVE_ARCH = YES;
				SDKROOT = iphoneos;
				SWIFT_ACTIVE_COMPILATION_CONDITIONS = DEBUG;
				SWIFT_OPTIMIZATION_LEVEL = "-Onone";
			};
			name = Debug;
		};
		3A55ADFB25DCDA8800EC1675 /* Release */ = {
			isa = XCBuildConfiguration;
			buildSettings = {
				ALWAYS_SEARCH_USER_PATHS = NO;
				CLANG_ANALYZER_NONNULL = YES;
				CLANG_ANALYZER_NUMBER_OBJECT_CONVERSION = YES_AGGRESSIVE;
				CLANG_CXX_LANGUAGE_STANDARD = "gnu++14";
				CLANG_CXX_LIBRARY = "libc++";
				CLANG_ENABLE_MODULES = YES;
				CLANG_ENABLE_OBJC_ARC = YES;
				CLANG_ENABLE_OBJC_WEAK = YES;
				CLANG_WARN_BLOCK_CAPTURE_AUTORELEASING = YES;
				CLANG_WARN_BOOL_CONVERSION = YES;
				CLANG_WARN_COMMA = YES;
				CLANG_WARN_CONSTANT_CONVERSION = YES;
				CLANG_WARN_DEPRECATED_OBJC_IMPLEMENTATIONS = YES;
				CLANG_WARN_DIRECT_OBJC_ISA_USAGE = YES_ERROR;
				CLANG_WARN_DOCUMENTATION_COMMENTS = YES;
				CLANG_WARN_EMPTY_BODY = YES;
				CLANG_WARN_ENUM_CONVERSION = YES;
				CLANG_WARN_INFINITE_RECURSION = YES;
				CLANG_WARN_INT_CONVERSION = YES;
				CLANG_WARN_NON_LITERAL_NULL_CONVERSION = YES;
				CLANG_WARN_OBJC_IMPLICIT_RETAIN_SELF = YES;
				CLANG_WARN_OBJC_LITERAL_CONVERSION = YES;
				CLANG_WARN_OBJC_ROOT_CLASS = YES_ERROR;
				CLANG_WARN_QUOTED_INCLUDE_IN_FRAMEWORK_HEADER = YES;
				CLANG_WARN_RANGE_LOOP_ANALYSIS = YES;
				CLANG_WARN_STRICT_PROTOTYPES = YES;
				CLANG_WARN_SUSPICIOUS_MOVE = YES;
				CLANG_WARN_UNGUARDED_AVAILABILITY = YES_AGGRESSIVE;
				CLANG_WARN_UNREACHABLE_CODE = YES;
				CLANG_WARN__DUPLICATE_METHOD_MATCH = YES;
				COPY_PHASE_STRIP = NO;
				DEBUG_INFORMATION_FORMAT = "dwarf-with-dsym";
				ENABLE_NS_ASSERTIONS = NO;
				ENABLE_STRICT_OBJC_MSGSEND = YES;
				GCC_C_LANGUAGE_STANDARD = gnu11;
				GCC_NO_COMMON_BLOCKS = YES;
				GCC_WARN_64_TO_32_BIT_CONVERSION = YES;
				GCC_WARN_ABOUT_RETURN_TYPE = YES_ERROR;
				GCC_WARN_UNDECLARED_SELECTOR = YES;
				GCC_WARN_UNINITIALIZED_AUTOS = YES_AGGRESSIVE;
				GCC_WARN_UNUSED_FUNCTION = YES;
				GCC_WARN_UNUSED_VARIABLE = YES;
				IPHONEOS_DEPLOYMENT_TARGET = 14.4;
				MTL_ENABLE_DEBUG_INFO = NO;
				MTL_FAST_MATH = YES;
				SDKROOT = iphoneos;
				SWIFT_COMPILATION_MODE = wholemodule;
				SWIFT_OPTIMIZATION_LEVEL = "-O";
				VALIDATE_PRODUCT = YES;
			};
			name = Release;
		};
		3A55ADFD25DCDA8800EC1675 /* Debug */ = {
			isa = XCBuildConfiguration;
			buildSettings = {
				ASSETCATALOG_COMPILER_APPICON_NAME = AppIcon;
				ASSETCATALOG_COMPILER_GLOBAL_ACCENT_COLOR_NAME = AccentColor;
				CODE_SIGN_STYLE = Automatic;
				DEVELOPMENT_TEAM = FP8CB3BY93;
				INFOPLIST_FILE = TapGesture/Info.plist;
				LD_RUNPATH_SEARCH_PATHS = (
					"$(inherited)",
					"@executable_path/Frameworks",
				);
				PRODUCT_BUNDLE_IDENTIFIER = velmash.TapGesture;
				PRODUCT_NAME = "$(TARGET_NAME)";
				SWIFT_VERSION = 5.0;
				TARGETED_DEVICE_FAMILY = "1,2";
			};
			name = Debug;
		};
		3A55ADFE25DCDA8800EC1675 /* Release */ = {
			isa = XCBuildConfiguration;
			buildSettings = {
				ASSETCATALOG_COMPILER_APPICON_NAME = AppIcon;
				ASSETCATALOG_COMPILER_GLOBAL_ACCENT_COLOR_NAME = AccentColor;
				CODE_SIGN_STYLE = Automatic;
				DEVELOPMENT_TEAM = FP8CB3BY93;
				INFOPLIST_FILE = TapGesture/Info.plist;
				LD_RUNPATH_SEARCH_PATHS = (
					"$(inherited)",
					"@executable_path/Frameworks",
				);
				PRODUCT_BUNDLE_IDENTIFIER = velmash.TapGesture;
				PRODUCT_NAME = "$(TARGET_NAME)";
				SWIFT_VERSION = 5.0;
				TARGETED_DEVICE_FAMILY = "1,2";
			};
			name = Release;
		};
/* End XCBuildConfiguration section */

/* Begin XCConfigurationList section */
		3A55ADE325DCDA8200EC1675 /* Build configuration list for PBXProject "TapGesture" */ = {
			isa = XCConfigurationList;
			buildConfigurations = (
				3A55ADFA25DCDA8800EC1675 /* Debug */,
				3A55ADFB25DCDA8800EC1675 /* Release */,
			);
			defaultConfigurationIsVisible = 0;
			defaultConfigurationName = Release;
		};
		3A55ADFC25DCDA8800EC1675 /* Build configuration list for PBXNativeTarget "TapGesture" */ = {
			isa = XCConfigurationList;
			buildConfigurations = (
				3A55ADFD25DCDA8800EC1675 /* Debug */,
				3A55ADFE25DCDA8800EC1675 /* Release */,
			);
			defaultConfigurationIsVisible = 0;
			defaultConfigurationName = Release;
		};
/* End XCConfigurationList section */
	};
	rootObject = 3A55ADE025DCDA8200EC1675 /* Project object */;
}
